
Microsoft Visual Studio Solution File, Format Version 12.00
# Visual Studio Version 17
VisualStudioVersion = 17.6.33815.320
MinimumVisualStudioVersion = 10.0.40219.1
Project("{FAE04EC0-301F-11D3-BF4B-00C04F79EFBC}") = "Holtz.Versioning.Api", "Holtz.Versioning.Api\Holtz.Versioning.Api.csproj", "{38065302-9A74-4085-84DD-4A5A90328A00}"
EndProject
Global
	GlobalSection(SolutionConfigurationPlatforms) = preSolution
		Debug|Any CPU = Debug|Any CPU
		Release|Any CPU = Release|Any CPU
	EndGlobalSection
	GlobalSection(ProjectConfigurationPlatforms) = postSolution
		{38065302-9A74-4085-84DD-4A5A90328A00}.Debug|Any CPU.ActiveCfg = Debug|Any CPU
		{38065302-9A74-4085-84DD-4A5A90328A00}.Debug|Any CPU.Build.0 = Debug|Any CPU
		{38065302-9A74-4085-84DD-4A5A90328A00}.Release|Any CPU.ActiveCfg = Release|Any CPU
		{38065302-9A74-4085-84DD-4A5A90328A00}.Release|Any CPU.Build.0 = Release|Any CPU
	EndGlobalSection
	GlobalSection(SolutionProperties) = preSolution
		HideSolutionNode = FALSE
	EndGlobalSection
	GlobalSection(ExtensibilityGlobals) = postSolution
		SolutionGuid = {719A216B-1D2D-47BF-ABE8-050843AEE886}
	EndGlobalSection
EndGlobal
