
Microsoft Visual Studio Solution File, Format Version 12.00
# Visual Studio Version 17
VisualStudioVersion = 17.6.33815.320
MinimumVisualStudioVersion = 10.0.40219.1
Project("{FAE04EC0-301F-11D3-BF4B-00C04F79EFBC}") = "Holtz.RabbitMQ.SimpleConsole.Consumer", "Holtz.RabbitMQ.SimpleConsole.Consumer\Holtz.RabbitMQ.SimpleConsole.Consumer.csproj", "{03A01F0C-2F59-4135-8A03-060507F329F2}"
EndProject
Project("{FAE04EC0-301F-11D3-BF4B-00C04F79EFBC}") = "Holtz.RabbitMQ.SimpleConsole.Sender", "Holtz.RabbitMQ.SimpleConsole.Sender\Holtz.RabbitMQ.SimpleConsole.Sender.csproj", "{212BB20D-3B9C-44E9-B5D4-D06E11A0E450}"
EndProject
Project("{FAE04EC0-301F-11D3-BF4B-00C04F79EFBC}") = "Holtz.RabbitMQ.SimpleConsole.Core", "Holtz.RabbitMQ.SimpleConsole.Core\Holtz.RabbitMQ.SimpleConsole.Core.csproj", "{EF71BB80-4378-41BC-9854-6B73331D1901}"
EndProject
Global
	GlobalSection(SolutionConfigurationPlatforms) = preSolution
		Debug|Any CPU = Debug|Any CPU
		Release|Any CPU = Release|Any CPU
	EndGlobalSection
	GlobalSection(ProjectConfigurationPlatforms) = postSolution
		{03A01F0C-2F59-4135-8A03-060507F329F2}.Debug|Any CPU.ActiveCfg = Debug|Any CPU
		{03A01F0C-2F59-4135-8A03-060507F329F2}.Debug|Any CPU.Build.0 = Debug|Any CPU
		{03A01F0C-2F59-4135-8A03-060507F329F2}.Release|Any CPU.ActiveCfg = Release|Any CPU
		{03A01F0C-2F59-4135-8A03-060507F329F2}.Release|Any CPU.Build.0 = Release|Any CPU
		{212BB20D-3B9C-44E9-B5D4-D06E11A0E450}.Debug|Any CPU.ActiveCfg = Debug|Any CPU
		{212BB20D-3B9C-44E9-B5D4-D06E11A0E450}.Debug|Any CPU.Build.0 = Debug|Any CPU
		{212BB20D-3B9C-44E9-B5D4-D06E11A0E450}.Release|Any CPU.ActiveCfg = Release|Any CPU
		{212BB20D-3B9C-44E9-B5D4-D06E11A0E450}.Release|Any CPU.Build.0 = Release|Any CPU
		{EF71BB80-4378-41BC-9854-6B73331D1901}.Debug|Any CPU.ActiveCfg = Debug|Any CPU
		{EF71BB80-4378-41BC-9854-6B73331D1901}.Debug|Any CPU.Build.0 = Debug|Any CPU
		{EF71BB80-4378-41BC-9854-6B73331D1901}.Release|Any CPU.ActiveCfg = Release|Any CPU
		{EF71BB80-4378-41BC-9854-6B73331D1901}.Release|Any CPU.Build.0 = Release|Any CPU
	EndGlobalSection
	GlobalSection(SolutionProperties) = preSolution
		HideSolutionNode = FALSE
	EndGlobalSection
	GlobalSection(ExtensibilityGlobals) = postSolution
		SolutionGuid = {A675E318-C6F2-400F-A410-9EDB9F3363F5}
	EndGlobalSection
EndGlobal
