
Microsoft Visual Studio Solution File, Format Version 12.00
# Visual Studio Version 17
VisualStudioVersion = 17.10.34928.147
MinimumVisualStudioVersion = 10.0.40219.1
Project("{FAE04EC0-301F-11D3-BF4B-00C04F79EFBC}") = "Holtz.Sqs.Publisher", "Holtz.Sqs.Publisher\Holtz.Sqs.Publisher.csproj", "{89DBF7E7-1E02-48F1-BC3E-656761189ACF}"
EndProject
Project("{FAE04EC0-301F-11D3-BF4B-00C04F79EFBC}") = "Holtz.Sqs.Consumer", "Holtz.Sqs.Consumer\Holtz.Sqs.Consumer.csproj", "{B926B624-1F7F-413A-8836-EFF28BA9D813}"
EndProject
Project("{FAE04EC0-301F-11D3-BF4B-00C04F79EFBC}") = "Holtz.Sqs.Shared", "Holtz.Sqs.Shared\Holtz.Sqs.Shared.csproj", "{1DA09201-935C-4F93-A718-00B61402C01D}"
EndProject
Project("{FAE04EC0-301F-11D3-BF4B-00C04F79EFBC}") = "Holtz.Sqs.Api", "Holtz.Sqs.Api\Holtz.Sqs.Api.csproj", "{747C3355-F51D-4D92-9DCC-DCF56C2988B9}"
EndProject
Project("{FAE04EC0-301F-11D3-BF4B-00C04F79EFBC}") = "Holtz.Sqs.Domain", "Holtz.Sqs.Domain\Holtz.Sqs.Domain.csproj", "{DF2BFB32-CD6B-4D56-9B94-17BBA460F4DF}"
EndProject
Project("{FAE04EC0-301F-11D3-BF4B-00C04F79EFBC}") = "Holtz.Sqs.Application", "Holtz.Sqs.Application\Holtz.Sqs.Application.csproj", "{973EA2C1-D6D3-4D65-8016-2E8133279532}"
EndProject
Global
	GlobalSection(SolutionConfigurationPlatforms) = preSolution
		Debug|Any CPU = Debug|Any CPU
		Release|Any CPU = Release|Any CPU
	EndGlobalSection
	GlobalSection(ProjectConfigurationPlatforms) = postSolution
		{89DBF7E7-1E02-48F1-BC3E-656761189ACF}.Debug|Any CPU.ActiveCfg = Debug|Any CPU
		{89DBF7E7-1E02-48F1-BC3E-656761189ACF}.Debug|Any CPU.Build.0 = Debug|Any CPU
		{89DBF7E7-1E02-48F1-BC3E-656761189ACF}.Release|Any CPU.ActiveCfg = Release|Any CPU
		{89DBF7E7-1E02-48F1-BC3E-656761189ACF}.Release|Any CPU.Build.0 = Release|Any CPU
		{B926B624-1F7F-413A-8836-EFF28BA9D813}.Debug|Any CPU.ActiveCfg = Debug|Any CPU
		{B926B624-1F7F-413A-8836-EFF28BA9D813}.Debug|Any CPU.Build.0 = Debug|Any CPU
		{B926B624-1F7F-413A-8836-EFF28BA9D813}.Release|Any CPU.ActiveCfg = Release|Any CPU
		{B926B624-1F7F-413A-8836-EFF28BA9D813}.Release|Any CPU.Build.0 = Release|Any CPU
		{1DA09201-935C-4F93-A718-00B61402C01D}.Debug|Any CPU.ActiveCfg = Debug|Any CPU
		{1DA09201-935C-4F93-A718-00B61402C01D}.Debug|Any CPU.Build.0 = Debug|Any CPU
		{1DA09201-935C-4F93-A718-00B61402C01D}.Release|Any CPU.ActiveCfg = Release|Any CPU
		{1DA09201-935C-4F93-A718-00B61402C01D}.Release|Any CPU.Build.0 = Release|Any CPU
		{747C3355-F51D-4D92-9DCC-DCF56C2988B9}.Debug|Any CPU.ActiveCfg = Debug|Any CPU
		{747C3355-F51D-4D92-9DCC-DCF56C2988B9}.Debug|Any CPU.Build.0 = Debug|Any CPU
		{747C3355-F51D-4D92-9DCC-DCF56C2988B9}.Release|Any CPU.ActiveCfg = Release|Any CPU
		{747C3355-F51D-4D92-9DCC-DCF56C2988B9}.Release|Any CPU.Build.0 = Release|Any CPU
		{DF2BFB32-CD6B-4D56-9B94-17BBA460F4DF}.Debug|Any CPU.ActiveCfg = Debug|Any CPU
		{DF2BFB32-CD6B-4D56-9B94-17BBA460F4DF}.Debug|Any CPU.Build.0 = Debug|Any CPU
		{DF2BFB32-CD6B-4D56-9B94-17BBA460F4DF}.Release|Any CPU.ActiveCfg = Release|Any CPU
		{DF2BFB32-CD6B-4D56-9B94-17BBA460F4DF}.Release|Any CPU.Build.0 = Release|Any CPU
		{973EA2C1-D6D3-4D65-8016-2E8133279532}.Debug|Any CPU.ActiveCfg = Debug|Any CPU
		{973EA2C1-D6D3-4D65-8016-2E8133279532}.Debug|Any CPU.Build.0 = Debug|Any CPU
		{973EA2C1-D6D3-4D65-8016-2E8133279532}.Release|Any CPU.ActiveCfg = Release|Any CPU
		{973EA2C1-D6D3-4D65-8016-2E8133279532}.Release|Any CPU.Build.0 = Release|Any CPU
	EndGlobalSection
	GlobalSection(SolutionProperties) = preSolution
		HideSolutionNode = FALSE
	EndGlobalSection
	GlobalSection(ExtensibilityGlobals) = postSolution
		SolutionGuid = {FB01CB9F-57F1-4824-964D-46B2A0C9C044}
	EndGlobalSection
EndGlobal
