
Microsoft Visual Studio Solution File, Format Version 12.00
# Visual Studio Version 17
VisualStudioVersion = 17.6.33815.320
MinimumVisualStudioVersion = 10.0.40219.1
Project("{FAE04EC0-301F-11D3-BF4B-00C04F79EFBC}") = "Holtz.DesignPattern.Bridge", "Holtz.DesignPattern.Bridge\Holtz.DesignPattern.Bridge.csproj", "{B1280298-101B-4B2B-9590-178C6948F159}"
EndProject
Global
	GlobalSection(SolutionConfigurationPlatforms) = preSolution
		Debug|Any CPU = Debug|Any CPU
		Release|Any CPU = Release|Any CPU
	EndGlobalSection
	GlobalSection(ProjectConfigurationPlatforms) = postSolution
		{B1280298-101B-4B2B-9590-178C6948F159}.Debug|Any CPU.ActiveCfg = Debug|Any CPU
		{B1280298-101B-4B2B-9590-178C6948F159}.Debug|Any CPU.Build.0 = Debug|Any CPU
		{B1280298-101B-4B2B-9590-178C6948F159}.Release|Any CPU.ActiveCfg = Release|Any CPU
		{B1280298-101B-4B2B-9590-178C6948F159}.Release|Any CPU.Build.0 = Release|Any CPU
	EndGlobalSection
	GlobalSection(SolutionProperties) = preSolution
		HideSolutionNode = FALSE
	EndGlobalSection
	GlobalSection(ExtensibilityGlobals) = postSolution
		SolutionGuid = {FACA8C8D-7636-41C2-AD6D-17251371E42D}
	EndGlobalSection
EndGlobal
