
Microsoft Visual Studio Solution File, Format Version 12.00
# Visual Studio Version 17
VisualStudioVersion = 17.6.33815.320
MinimumVisualStudioVersion = 10.0.40219.1
Project("{FAE04EC0-301F-11D3-BF4B-00C04F79EFBC}") = "Holtz.Catalog.Microservices.Api", "Holtz.Catalog.Microservices.Api\Holtz.Catalog.Microservices.Api.csproj", "{D2428430-6378-4DDB-A638-89BAC452A7DC}"
EndProject
Project("{FAE04EC0-301F-11D3-BF4B-00C04F79EFBC}") = "Holtz.Catalog.Microservices.DAL", "Holtz.Catalog.Microservices.DAL\Holtz.Catalog.Microservices.DAL.csproj", "{931AF17A-8979-41EB-85A1-49A1597814CA}"
EndProject
Global
	GlobalSection(SolutionConfigurationPlatforms) = preSolution
		Debug|Any CPU = Debug|Any CPU
		Release|Any CPU = Release|Any CPU
	EndGlobalSection
	GlobalSection(ProjectConfigurationPlatforms) = postSolution
		{D2428430-6378-4DDB-A638-89BAC452A7DC}.Debug|Any CPU.ActiveCfg = Debug|Any CPU
		{D2428430-6378-4DDB-A638-89BAC452A7DC}.Debug|Any CPU.Build.0 = Debug|Any CPU
		{D2428430-6378-4DDB-A638-89BAC452A7DC}.Release|Any CPU.ActiveCfg = Release|Any CPU
		{D2428430-6378-4DDB-A638-89BAC452A7DC}.Release|Any CPU.Build.0 = Release|Any CPU
		{931AF17A-8979-41EB-85A1-49A1597814CA}.Debug|Any CPU.ActiveCfg = Debug|Any CPU
		{931AF17A-8979-41EB-85A1-49A1597814CA}.Debug|Any CPU.Build.0 = Debug|Any CPU
		{931AF17A-8979-41EB-85A1-49A1597814CA}.Release|Any CPU.ActiveCfg = Release|Any CPU
		{931AF17A-8979-41EB-85A1-49A1597814CA}.Release|Any CPU.Build.0 = Release|Any CPU
	EndGlobalSection
	GlobalSection(SolutionProperties) = preSolution
		HideSolutionNode = FALSE
	EndGlobalSection
	GlobalSection(ExtensibilityGlobals) = postSolution
		SolutionGuid = {0C21840A-55F0-44B9-8CAD-7D041802D576}
	EndGlobalSection
EndGlobal
